
Microsoft Visual Studio Solution File, Format Version 12.00
# Visual Studio Version 17
VisualStudioVersion = 17.0.31903.59
MinimumVisualStudioVersion = 10.0.40219.1
Project("{2150E333-8FDC-42A3-9474-1A3956D46DE8}") = "src", "src", "{827E0CD3-B72D-47B6-A68D-7590B98EB39B}"
EndProject
Project("{FAE04EC0-301F-11D3-BF4B-00C04F79EFBC}") = "XmlReportGenerator.Console", "src\XmlReportGenerator.Console\XmlReportGenerator.Console.csproj", "{FB40A8C9-154C-41C9-9665-BCACEC7EB0A9}"
EndProject
Project("{FAE04EC0-301F-11D3-BF4B-00C04F79EFBC}") = "XmlReportGenerator.Core", "src\XmlReportGenerator.Core\XmlReportGenerator.Core.csproj", "{F2620A83-48AD-4AC1-84A9-BC0F5BBC547E}"
EndProject
Project("{FAE04EC0-301F-11D3-BF4B-00C04F79EFBC}") = "XmlReportGenerator.AI", "src\XmlReportGenerator.AI\XmlReportGenerator.AI.csproj", "{A960C591-0BD5-4FF2-8B87-FF4870E78024}"
EndProject
Project("{FAE04EC0-301F-11D3-BF4B-00C04F79EFBC}") = "XmlReportGenerator.Reports", "src\XmlReportGenerator.Reports\XmlReportGenerator.Reports.csproj", "{1B461941-3479-4DC2-8FE4-1234B8926CAF}"
EndProject
Project("{FAE04EC0-301F-11D3-BF4B-00C04F79EFBC}") = "XmlReportGenerator.Blazor", "src\XmlReportGenerator.Blazor\XmlReportGenerator.Blazor.csproj", "{9B881194-FBAF-4CD1-BAE0-A34B8A08DA3F}"
EndProject
Project("{FAE04EC0-301F-11D3-BF4B-00C04F79EFBC}") = "XmlReportGenerator.Core.Tests", "tests\XmlReportGenerator.Core.Tests\XmlReportGenerator.Core.Tests.csproj", "{EF338531-21B8-41D7-9476-5A64DBF34832}"
EndProject
Project("{FAE04EC0-301F-11D3-BF4B-00C04F79EFBC}") = "XmlReportGenerator.AI.Tests", "tests\XmlReportGenerator.AI.Tests\XmlReportGenerator.AI.Tests.csproj", "{88C1EBC4-258A-4588-BD2A-58FAADF95EC6}"
EndProject
Global
	GlobalSection(SolutionConfigurationPlatforms) = preSolution
		Debug|Any CPU = Debug|Any CPU
		Debug|x64 = Debug|x64
		Debug|x86 = Debug|x86
		Release|Any CPU = Release|Any CPU
		Release|x64 = Release|x64
		Release|x86 = Release|x86
	EndGlobalSection
	GlobalSection(ProjectConfigurationPlatforms) = postSolution
		{FB40A8C9-154C-41C9-9665-BCACEC7EB0A9}.Debug|Any CPU.ActiveCfg = Debug|Any CPU
		{FB40A8C9-154C-41C9-9665-BCACEC7EB0A9}.Debug|Any CPU.Build.0 = Debug|Any CPU
		{FB40A8C9-154C-41C9-9665-BCACEC7EB0A9}.Debug|x64.ActiveCfg = Debug|Any CPU
		{FB40A8C9-154C-41C9-9665-BCACEC7EB0A9}.Debug|x64.Build.0 = Debug|Any CPU
		{FB40A8C9-154C-41C9-9665-BCACEC7EB0A9}.Debug|x86.ActiveCfg = Debug|Any CPU
		{FB40A8C9-154C-41C9-9665-BCACEC7EB0A9}.Debug|x86.Build.0 = Debug|Any CPU
		{FB40A8C9-154C-41C9-9665-BCACEC7EB0A9}.Release|Any CPU.ActiveCfg = Release|Any CPU
		{FB40A8C9-154C-41C9-9665-BCACEC7EB0A9}.Release|Any CPU.Build.0 = Release|Any CPU
		{FB40A8C9-154C-41C9-9665-BCACEC7EB0A9}.Release|x64.ActiveCfg = Release|Any CPU
		{FB40A8C9-154C-41C9-9665-BCACEC7EB0A9}.Release|x64.Build.0 = Release|Any CPU
		{FB40A8C9-154C-41C9-9665-BCACEC7EB0A9}.Release|x86.ActiveCfg = Release|Any CPU
		{FB40A8C9-154C-41C9-9665-BCACEC7EB0A9}.Release|x86.Build.0 = Release|Any CPU
		{F2620A83-48AD-4AC1-84A9-BC0F5BBC547E}.Debug|Any CPU.ActiveCfg = Debug|Any CPU
		{F2620A83-48AD-4AC1-84A9-BC0F5BBC547E}.Debug|Any CPU.Build.0 = Debug|Any CPU
		{F2620A83-48AD-4AC1-84A9-BC0F5BBC547E}.Debug|x64.ActiveCfg = Debug|Any CPU
		{F2620A83-48AD-4AC1-84A9-BC0F5BBC547E}.Debug|x64.Build.0 = Debug|Any CPU
		{F2620A83-48AD-4AC1-84A9-BC0F5BBC547E}.Debug|x86.ActiveCfg = Debug|Any CPU
		{F2620A83-48AD-4AC1-84A9-BC0F5BBC547E}.Debug|x86.Build.0 = Debug|Any CPU
		{F2620A83-48AD-4AC1-84A9-BC0F5BBC547E}.Release|Any CPU.ActiveCfg = Release|Any CPU
		{F2620A83-48AD-4AC1-84A9-BC0F5BBC547E}.Release|Any CPU.Build.0 = Release|Any CPU
		{F2620A83-48AD-4AC1-84A9-BC0F5BBC547E}.Release|x64.ActiveCfg = Release|Any CPU
		{F2620A83-48AD-4AC1-84A9-BC0F5BBC547E}.Release|x64.Build.0 = Release|Any CPU
		{F2620A83-48AD-4AC1-84A9-BC0F5BBC547E}.Release|x86.ActiveCfg = Release|Any CPU
		{F2620A83-48AD-4AC1-84A9-BC0F5BBC547E}.Release|x86.Build.0 = Release|Any CPU
		{A960C591-0BD5-4FF2-8B87-FF4870E78024}.Debug|Any CPU.ActiveCfg = Debug|Any CPU
		{A960C591-0BD5-4FF2-8B87-FF4870E78024}.Debug|Any CPU.Build.0 = Debug|Any CPU
		{A960C591-0BD5-4FF2-8B87-FF4870E78024}.Debug|x64.ActiveCfg = Debug|Any CPU
		{A960C591-0BD5-4FF2-8B87-FF4870E78024}.Debug|x64.Build.0 = Debug|Any CPU
		{A960C591-0BD5-4FF2-8B87-FF4870E78024}.Debug|x86.ActiveCfg = Debug|Any CPU
		{A960C591-0BD5-4FF2-8B87-FF4870E78024}.Debug|x86.Build.0 = Debug|Any CPU
		{A960C591-0BD5-4FF2-8B87-FF4870E78024}.Release|Any CPU.ActiveCfg = Release|Any CPU
		{A960C591-0BD5-4FF2-8B87-FF4870E78024}.Release|Any CPU.Build.0 = Release|Any CPU
		{A960C591-0BD5-4FF2-8B87-FF4870E78024}.Release|x64.ActiveCfg = Release|Any CPU
		{A960C591-0BD5-4FF2-8B87-FF4870E78024}.Release|x64.Build.0 = Release|Any CPU
		{A960C591-0BD5-4FF2-8B87-FF4870E78024}.Release|x86.ActiveCfg = Release|Any CPU
		{A960C591-0BD5-4FF2-8B87-FF4870E78024}.Release|x86.Build.0 = Release|Any CPU
		{1B461941-3479-4DC2-8FE4-1234B8926CAF}.Debug|Any CPU.ActiveCfg = Debug|Any CPU
		{1B461941-3479-4DC2-8FE4-1234B8926CAF}.Debug|Any CPU.Build.0 = Debug|Any CPU
		{1B461941-3479-4DC2-8FE4-1234B8926CAF}.Debug|x64.ActiveCfg = Debug|Any CPU
		{1B461941-3479-4DC2-8FE4-1234B8926CAF}.Debug|x64.Build.0 = Debug|Any CPU
		{1B461941-3479-4DC2-8FE4-1234B8926CAF}.Debug|x86.ActiveCfg = Debug|Any CPU
		{1B461941-3479-4DC2-8FE4-1234B8926CAF}.Debug|x86.Build.0 = Debug|Any CPU
		{1B461941-3479-4DC2-8FE4-1234B8926CAF}.Release|Any CPU.ActiveCfg = Release|Any CPU
		{1B461941-3479-4DC2-8FE4-1234B8926CAF}.Release|Any CPU.Build.0 = Release|Any CPU
		{1B461941-3479-4DC2-8FE4-1234B8926CAF}.Release|x64.ActiveCfg = Release|Any CPU
		{1B461941-3479-4DC2-8FE4-1234B8926CAF}.Release|x64.Build.0 = Release|Any CPU
		{1B461941-3479-4DC2-8FE4-1234B8926CAF}.Release|x86.ActiveCfg = Release|Any CPU
		{1B461941-3479-4DC2-8FE4-1234B8926CAF}.Release|x86.Build.0 = Release|Any CPU
		{9B881194-FBAF-4CD1-BAE0-A34B8A08DA3F}.Debug|Any CPU.ActiveCfg = Debug|Any CPU
		{9B881194-FBAF-4CD1-BAE0-A34B8A08DA3F}.Debug|Any CPU.Build.0 = Debug|Any CPU
		{9B881194-FBAF-4CD1-BAE0-A34B8A08DA3F}.Debug|x64.ActiveCfg = Debug|Any CPU
		{9B881194-FBAF-4CD1-BAE0-A34B8A08DA3F}.Debug|x64.Build.0 = Debug|Any CPU
		{9B881194-FBAF-4CD1-BAE0-A34B8A08DA3F}.Debug|x86.ActiveCfg = Debug|Any CPU
		{9B881194-FBAF-4CD1-BAE0-A34B8A08DA3F}.Debug|x86.Build.0 = Debug|Any CPU
		{9B881194-FBAF-4CD1-BAE0-A34B8A08DA3F}.Release|Any CPU.ActiveCfg = Release|Any CPU
		{9B881194-FBAF-4CD1-BAE0-A34B8A08DA3F}.Release|Any CPU.Build.0 = Release|Any CPU
		{9B881194-FBAF-4CD1-BAE0-A34B8A08DA3F}.Release|x64.ActiveCfg = Release|Any CPU
		{9B881194-FBAF-4CD1-BAE0-A34B8A08DA3F}.Release|x64.Build.0 = Release|Any CPU
		{9B881194-FBAF-4CD1-BAE0-A34B8A08DA3F}.Release|x86.ActiveCfg = Release|Any CPU
		{9B881194-FBAF-4CD1-BAE0-A34B8A08DA3F}.Release|x86.Build.0 = Release|Any CPU
		{EF338531-21B8-41D7-9476-5A64DBF34832}.Debug|Any CPU.ActiveCfg = Debug|Any CPU
		{EF338531-21B8-41D7-9476-5A64DBF34832}.Debug|Any CPU.Build.0 = Debug|Any CPU
		{EF338531-21B8-41D7-9476-5A64DBF34832}.Debug|x64.ActiveCfg = Debug|Any CPU
		{EF338531-21B8-41D7-9476-5A64DBF34832}.Debug|x64.Build.0 = Debug|Any CPU
		{EF338531-21B8-41D7-9476-5A64DBF34832}.Debug|x86.ActiveCfg = Debug|Any CPU
		{EF338531-21B8-41D7-9476-5A64DBF34832}.Debug|x86.Build.0 = Debug|Any CPU
		{EF338531-21B8-41D7-9476-5A64DBF34832}.Release|Any CPU.ActiveCfg = Release|Any CPU
		{EF338531-21B8-41D7-9476-5A64DBF34832}.Release|Any CPU.Build.0 = Release|Any CPU
		{EF338531-21B8-41D7-9476-5A64DBF34832}.Release|x64.ActiveCfg = Release|Any CPU
		{EF338531-21B8-41D7-9476-5A64DBF34832}.Release|x64.Build.0 = Release|Any CPU
		{EF338531-21B8-41D7-9476-5A64DBF34832}.Release|x86.ActiveCfg = Release|Any CPU
		{EF338531-21B8-41D7-9476-5A64DBF34832}.Release|x86.Build.0 = Release|Any CPU
		{88C1EBC4-258A-4588-BD2A-58FAADF95EC6}.Debug|Any CPU.ActiveCfg = Debug|Any CPU
		{88C1EBC4-258A-4588-BD2A-58FAADF95EC6}.Debug|Any CPU.Build.0 = Debug|Any CPU
		{88C1EBC4-258A-4588-BD2A-58FAADF95EC6}.Debug|x64.ActiveCfg = Debug|Any CPU
		{88C1EBC4-258A-4588-BD2A-58FAADF95EC6}.Debug|x64.Build.0 = Debug|Any CPU
		{88C1EBC4-258A-4588-BD2A-58FAADF95EC6}.Debug|x86.ActiveCfg = Debug|Any CPU
		{88C1EBC4-258A-4588-BD2A-58FAADF95EC6}.Debug|x86.Build.0 = Debug|Any CPU
		{88C1EBC4-258A-4588-BD2A-58FAADF95EC6}.Release|Any CPU.ActiveCfg = Release|Any CPU
		{88C1EBC4-258A-4588-BD2A-58FAADF95EC6}.Release|Any CPU.Build.0 = Release|Any CPU
		{88C1EBC4-258A-4588-BD2A-58FAADF95EC6}.Release|x64.ActiveCfg = Release|Any CPU
		{88C1EBC4-258A-4588-BD2A-58FAADF95EC6}.Release|x64.Build.0 = Release|Any CPU
		{88C1EBC4-258A-4588-BD2A-58FAADF95EC6}.Release|x86.ActiveCfg = Release|Any CPU
		{88C1EBC4-258A-4588-BD2A-58FAADF95EC6}.Release|x86.Build.0 = Release|Any CPU
	EndGlobalSection
	GlobalSection(SolutionProperties) = preSolution
		HideSolutionNode = FALSE
	EndGlobalSection
	GlobalSection(NestedProjects) = preSolution
		{FB40A8C9-154C-41C9-9665-BCACEC7EB0A9} = {827E0CD3-B72D-47B6-A68D-7590B98EB39B}
		{F2620A83-48AD-4AC1-84A9-BC0F5BBC547E} = {827E0CD3-B72D-47B6-A68D-7590B98EB39B}
		{A960C591-0BD5-4FF2-8B87-FF4870E78024} = {827E0CD3-B72D-47B6-A68D-7590B98EB39B}
		{1B461941-3479-4DC2-8FE4-1234B8926CAF} = {827E0CD3-B72D-47B6-A68D-7590B98EB39B}
		{9B881194-FBAF-4CD1-BAE0-A34B8A08DA3F} = {827E0CD3-B72D-47B6-A68D-7590B98EB39B}
		{EF338531-21B8-41D7-9476-5A64DBF34832} = {827E0CD3-B72D-47B6-A68D-7590B98EB39B}
		{88C1EBC4-258A-4588-BD2A-58FAADF95EC6} = {827E0CD3-B72D-47B6-A68D-7590B98EB39B}
	EndGlobalSection
EndGlobal
