
Microsoft Visual Studio Solution File, Format Version 12.00
# Visual Studio Version 17
VisualStudioVersion = 17.0.31903.59
MinimumVisualStudioVersion = 10.0.40219.1
Project("{2150E333-8FDC-42A3-9474-1A3956D46DE8}") = "src", "src", "{827E0CD3-B72D-47B6-A68D-7590B98EB39B}"
EndProject
Project("{FAE04EC0-301F-11D3-BF4B-00C04F79EFBC}") = "XmlReportGenerator.Core", "src\XmlReportGenerator.Core\XmlReportGenerator.Core.csproj", "{F68F465F-FE08-4A4F-A3DB-95D39B4B5062}"
EndProject
Project("{FAE04EC0-301F-11D3-BF4B-00C04F79EFBC}") = "XmlReportGenerator.AI", "src\XmlReportGenerator.AI\XmlReportGenerator.AI.csproj", "{4035877A-D56B-4DDD-9E1A-61BEE16AE519}"
EndProject
Project("{FAE04EC0-301F-11D3-BF4B-00C04F79EFBC}") = "XmlReportGenerator.Reports", "src\XmlReportGenerator.Reports\XmlReportGenerator.Reports.csproj", "{79E1922C-CC92-40B3-8016-76CA531B4F0B}"
EndProject
Project("{FAE04EC0-301F-11D3-BF4B-00C04F79EFBC}") = "XmlReportGenerator.Blazor", "src\XmlReportGenerator.Blazor\XmlReportGenerator.Blazor.csproj", "{D2DD8431-164C-4A7A-B8D7-0B0B9713B0E7}"
EndProject
Project("{FAE04EC0-301F-11D3-BF4B-00C04F79EFBC}") = "XmlReportGenerator.Console", "src\XmlReportGenerator.Console\XmlReportGenerator.Console.csproj", "{5C3425F9-BE7D-41A0-B195-8FEC4EE31153}"
EndProject
Project("{FAE04EC0-301F-11D3-BF4B-00C04F79EFBC}") = "XmlReportGenerator.Core.Tests", "tests\XmlReportGenerator.Core.Tests\XmlReportGenerator.Core.Tests.csproj", "{4290B5BB-7E17-4100-956F-4097DB46C735}"
EndProject
Project("{FAE04EC0-301F-11D3-BF4B-00C04F79EFBC}") = "XmlReportGenerator.AI.Tests", "tests\XmlReportGenerator.AI.Tests\XmlReportGenerator.AI.Tests.csproj", "{EB0E910C-EEAA-4E84-AC89-345EAD1BA836}"
EndProject
Global
	GlobalSection(SolutionConfigurationPlatforms) = preSolution
		Debug|Any CPU = Debug|Any CPU
		Debug|x64 = Debug|x64
		Debug|x86 = Debug|x86
		Release|Any CPU = Release|Any CPU
		Release|x64 = Release|x64
		Release|x86 = Release|x86
	EndGlobalSection
	GlobalSection(ProjectConfigurationPlatforms) = postSolution
		{F68F465F-FE08-4A4F-A3DB-95D39B4B5062}.Debug|Any CPU.ActiveCfg = Debug|Any CPU
		{F68F465F-FE08-4A4F-A3DB-95D39B4B5062}.Debug|Any CPU.Build.0 = Debug|Any CPU
		{F68F465F-FE08-4A4F-A3DB-95D39B4B5062}.Debug|x64.ActiveCfg = Debug|Any CPU
		{F68F465F-FE08-4A4F-A3DB-95D39B4B5062}.Debug|x64.Build.0 = Debug|Any CPU
		{F68F465F-FE08-4A4F-A3DB-95D39B4B5062}.Debug|x86.ActiveCfg = Debug|Any CPU
		{F68F465F-FE08-4A4F-A3DB-95D39B4B5062}.Debug|x86.Build.0 = Debug|Any CPU
		{F68F465F-FE08-4A4F-A3DB-95D39B4B5062}.Release|Any CPU.ActiveCfg = Release|Any CPU
		{F68F465F-FE08-4A4F-A3DB-95D39B4B5062}.Release|Any CPU.Build.0 = Release|Any CPU
		{F68F465F-FE08-4A4F-A3DB-95D39B4B5062}.Release|x64.ActiveCfg = Release|Any CPU
		{F68F465F-FE08-4A4F-A3DB-95D39B4B5062}.Release|x64.Build.0 = Release|Any CPU
		{F68F465F-FE08-4A4F-A3DB-95D39B4B5062}.Release|x86.ActiveCfg = Release|Any CPU
		{F68F465F-FE08-4A4F-A3DB-95D39B4B5062}.Release|x86.Build.0 = Release|Any CPU
		{4035877A-D56B-4DDD-9E1A-61BEE16AE519}.Debug|Any CPU.ActiveCfg = Debug|Any CPU
		{4035877A-D56B-4DDD-9E1A-61BEE16AE519}.Debug|Any CPU.Build.0 = Debug|Any CPU
		{4035877A-D56B-4DDD-9E1A-61BEE16AE519}.Debug|x64.ActiveCfg = Debug|Any CPU
		{4035877A-D56B-4DDD-9E1A-61BEE16AE519}.Debug|x64.Build.0 = Debug|Any CPU
		{4035877A-D56B-4DDD-9E1A-61BEE16AE519}.Debug|x86.ActiveCfg = Debug|Any CPU
		{4035877A-D56B-4DDD-9E1A-61BEE16AE519}.Debug|x86.Build.0 = Debug|Any CPU
		{4035877A-D56B-4DDD-9E1A-61BEE16AE519}.Release|Any CPU.ActiveCfg = Release|Any CPU
		{4035877A-D56B-4DDD-9E1A-61BEE16AE519}.Release|Any CPU.Build.0 = Release|Any CPU
		{4035877A-D56B-4DDD-9E1A-61BEE16AE519}.Release|x64.ActiveCfg = Release|Any CPU
		{4035877A-D56B-4DDD-9E1A-61BEE16AE519}.Release|x64.Build.0 = Release|Any CPU
		{4035877A-D56B-4DDD-9E1A-61BEE16AE519}.Release|x86.ActiveCfg = Release|Any CPU
		{4035877A-D56B-4DDD-9E1A-61BEE16AE519}.Release|x86.Build.0 = Release|Any CPU
		{79E1922C-CC92-40B3-8016-76CA531B4F0B}.Debug|Any CPU.ActiveCfg = Debug|Any CPU
		{79E1922C-CC92-40B3-8016-76CA531B4F0B}.Debug|Any CPU.Build.0 = Debug|Any CPU
		{79E1922C-CC92-40B3-8016-76CA531B4F0B}.Debug|x64.ActiveCfg = Debug|Any CPU
		{79E1922C-CC92-40B3-8016-76CA531B4F0B}.Debug|x64.Build.0 = Debug|Any CPU
		{79E1922C-CC92-40B3-8016-76CA531B4F0B}.Debug|x86.ActiveCfg = Debug|Any CPU
		{79E1922C-CC92-40B3-8016-76CA531B4F0B}.Debug|x86.Build.0 = Debug|Any CPU
		{79E1922C-CC92-40B3-8016-76CA531B4F0B}.Release|Any CPU.ActiveCfg = Release|Any CPU
		{79E1922C-CC92-40B3-8016-76CA531B4F0B}.Release|Any CPU.Build.0 = Release|Any CPU
		{79E1922C-CC92-40B3-8016-76CA531B4F0B}.Release|x64.ActiveCfg = Release|Any CPU
		{79E1922C-CC92-40B3-8016-76CA531B4F0B}.Release|x64.Build.0 = Release|Any CPU
		{79E1922C-CC92-40B3-8016-76CA531B4F0B}.Release|x86.ActiveCfg = Release|Any CPU
		{79E1922C-CC92-40B3-8016-76CA531B4F0B}.Release|x86.Build.0 = Release|Any CPU
		{D2DD8431-164C-4A7A-B8D7-0B0B9713B0E7}.Debug|Any CPU.ActiveCfg = Debug|Any CPU
		{D2DD8431-164C-4A7A-B8D7-0B0B9713B0E7}.Debug|Any CPU.Build.0 = Debug|Any CPU
		{D2DD8431-164C-4A7A-B8D7-0B0B9713B0E7}.Debug|x64.ActiveCfg = Debug|Any CPU
		{D2DD8431-164C-4A7A-B8D7-0B0B9713B0E7}.Debug|x64.Build.0 = Debug|Any CPU
		{D2DD8431-164C-4A7A-B8D7-0B0B9713B0E7}.Debug|x86.ActiveCfg = Debug|Any CPU
		{D2DD8431-164C-4A7A-B8D7-0B0B9713B0E7}.Debug|x86.Build.0 = Debug|Any CPU
		{D2DD8431-164C-4A7A-B8D7-0B0B9713B0E7}.Release|Any CPU.ActiveCfg = Release|Any CPU
		{D2DD8431-164C-4A7A-B8D7-0B0B9713B0E7}.Release|Any CPU.Build.0 = Release|Any CPU
		{D2DD8431-164C-4A7A-B8D7-0B0B9713B0E7}.Release|x64.ActiveCfg = Release|Any CPU
		{D2DD8431-164C-4A7A-B8D7-0B0B9713B0E7}.Release|x64.Build.0 = Release|Any CPU
		{D2DD8431-164C-4A7A-B8D7-0B0B9713B0E7}.Release|x86.ActiveCfg = Release|Any CPU
		{D2DD8431-164C-4A7A-B8D7-0B0B9713B0E7}.Release|x86.Build.0 = Release|Any CPU
		{5C3425F9-BE7D-41A0-B195-8FEC4EE31153}.Debug|Any CPU.ActiveCfg = Debug|Any CPU
		{5C3425F9-BE7D-41A0-B195-8FEC4EE31153}.Debug|Any CPU.Build.0 = Debug|Any CPU
		{5C3425F9-BE7D-41A0-B195-8FEC4EE31153}.Debug|x64.ActiveCfg = Debug|Any CPU
		{5C3425F9-BE7D-41A0-B195-8FEC4EE31153}.Debug|x64.Build.0 = Debug|Any CPU
		{5C3425F9-BE7D-41A0-B195-8FEC4EE31153}.Debug|x86.ActiveCfg = Debug|Any CPU
		{5C3425F9-BE7D-41A0-B195-8FEC4EE31153}.Debug|x86.Build.0 = Debug|Any CPU
		{5C3425F9-BE7D-41A0-B195-8FEC4EE31153}.Release|Any CPU.ActiveCfg = Release|Any CPU
		{5C3425F9-BE7D-41A0-B195-8FEC4EE31153}.Release|Any CPU.Build.0 = Release|Any CPU
		{5C3425F9-BE7D-41A0-B195-8FEC4EE31153}.Release|x64.ActiveCfg = Release|Any CPU
		{5C3425F9-BE7D-41A0-B195-8FEC4EE31153}.Release|x64.Build.0 = Release|Any CPU
		{5C3425F9-BE7D-41A0-B195-8FEC4EE31153}.Release|x86.ActiveCfg = Release|Any CPU
		{5C3425F9-BE7D-41A0-B195-8FEC4EE31153}.Release|x86.Build.0 = Release|Any CPU
		{4290B5BB-7E17-4100-956F-4097DB46C735}.Debug|Any CPU.ActiveCfg = Debug|Any CPU
		{4290B5BB-7E17-4100-956F-4097DB46C735}.Debug|Any CPU.Build.0 = Debug|Any CPU
		{4290B5BB-7E17-4100-956F-4097DB46C735}.Debug|x64.ActiveCfg = Debug|Any CPU
		{4290B5BB-7E17-4100-956F-4097DB46C735}.Debug|x64.Build.0 = Debug|Any CPU
		{4290B5BB-7E17-4100-956F-4097DB46C735}.Debug|x86.ActiveCfg = Debug|Any CPU
		{4290B5BB-7E17-4100-956F-4097DB46C735}.Debug|x86.Build.0 = Debug|Any CPU
		{4290B5BB-7E17-4100-956F-4097DB46C735}.Release|Any CPU.ActiveCfg = Release|Any CPU
		{4290B5BB-7E17-4100-956F-4097DB46C735}.Release|Any CPU.Build.0 = Release|Any CPU
		{4290B5BB-7E17-4100-956F-4097DB46C735}.Release|x64.ActiveCfg = Release|Any CPU
		{4290B5BB-7E17-4100-956F-4097DB46C735}.Release|x64.Build.0 = Release|Any CPU
		{4290B5BB-7E17-4100-956F-4097DB46C735}.Release|x86.ActiveCfg = Release|Any CPU
		{4290B5BB-7E17-4100-956F-4097DB46C735}.Release|x86.Build.0 = Release|Any CPU
		{EB0E910C-EEAA-4E84-AC89-345EAD1BA836}.Debug|Any CPU.ActiveCfg = Debug|Any CPU
		{EB0E910C-EEAA-4E84-AC89-345EAD1BA836}.Debug|Any CPU.Build.0 = Debug|Any CPU
		{EB0E910C-EEAA-4E84-AC89-345EAD1BA836}.Debug|x64.ActiveCfg = Debug|Any CPU
		{EB0E910C-EEAA-4E84-AC89-345EAD1BA836}.Debug|x64.Build.0 = Debug|Any CPU
		{EB0E910C-EEAA-4E84-AC89-345EAD1BA836}.Debug|x86.ActiveCfg = Debug|Any CPU
		{EB0E910C-EEAA-4E84-AC89-345EAD1BA836}.Debug|x86.Build.0 = Debug|Any CPU
		{EB0E910C-EEAA-4E84-AC89-345EAD1BA836}.Release|Any CPU.ActiveCfg = Release|Any CPU
		{EB0E910C-EEAA-4E84-AC89-345EAD1BA836}.Release|Any CPU.Build.0 = Release|Any CPU
		{EB0E910C-EEAA-4E84-AC89-345EAD1BA836}.Release|x64.ActiveCfg = Release|Any CPU
		{EB0E910C-EEAA-4E84-AC89-345EAD1BA836}.Release|x64.Build.0 = Release|Any CPU
		{EB0E910C-EEAA-4E84-AC89-345EAD1BA836}.Release|x86.ActiveCfg = Release|Any CPU
		{EB0E910C-EEAA-4E84-AC89-345EAD1BA836}.Release|x86.Build.0 = Release|Any CPU
	EndGlobalSection
	GlobalSection(SolutionProperties) = preSolution
		HideSolutionNode = FALSE
	EndGlobalSection
	GlobalSection(NestedProjects) = preSolution
		{F68F465F-FE08-4A4F-A3DB-95D39B4B5062} = {827E0CD3-B72D-47B6-A68D-7590B98EB39B}
		{4035877A-D56B-4DDD-9E1A-61BEE16AE519} = {827E0CD3-B72D-47B6-A68D-7590B98EB39B}
		{79E1922C-CC92-40B3-8016-76CA531B4F0B} = {827E0CD3-B72D-47B6-A68D-7590B98EB39B}
		{D2DD8431-164C-4A7A-B8D7-0B0B9713B0E7} = {827E0CD3-B72D-47B6-A68D-7590B98EB39B}
		{5C3425F9-BE7D-41A0-B195-8FEC4EE31153} = {827E0CD3-B72D-47B6-A68D-7590B98EB39B}
		{4290B5BB-7E17-4100-956F-4097DB46C735} = {827E0CD3-B72D-47B6-A68D-7590B98EB39B}
		{EB0E910C-EEAA-4E84-AC89-345EAD1BA836} = {827E0CD3-B72D-47B6-A68D-7590B98EB39B}
	EndGlobalSection
EndGlobal
